{
    "_meta": {
        "hash": {
            "sha256": "eabfb272c3b0c9f0ca3c1b128f1882c7b22fa79db08768430721b44aad7ee0f5"
        },
        "pipfile-spec": 6,
        "requires": {
            "python_version": "3.14"
        },
        "sources": [
            {
                "name": "pypi",
                "url": "https://pypi.org/simple",
                "verify_ssl": true
            }
        ]
    },
    "default": {
        "sqlalchemy": {
            "hashes": [
                "sha256:038a6e6dd0554cb8586a773520251a4de670c3fd402162bcc0844df1640823a8",
                "sha256:060966367e63838554a3be161b03477f7f1d332e3a4dd094eeb0d9e1aa722801",
                "sha256:077d8d28461ad5d1bbb9d83c8435fbbc0e51c6665b4d6ebc58a7934856247c1a",
                "sha256:0a1176457cd4f002c805170c5b9881124d4b7102b521120ff04178eaeb3b5bd8",
                "sha256:0a5964ef9edd33c78fd7a7064b4a866ff921dd3bdee9ee03ba36ca6d63c68c84",
                "sha256:0cd723c8b43c1cb81e81196f4d8dc681161fb116c3615d2896da4a8573f78985",
                "sha256:12454ca5f8cfb48698f45d7bd65fc8e3ae8a1f176f2a5869d58e6bdb0dada467",
                "sha256:1570ddca36009d2d6fb2a73d549bda0f1c187658f2f7f99ea190d30b9c73370d",
                "sha256:220878ad3734a4b90fc5a6f68643cbf3b9be5041d2d2cf7f455cbbe90ad11cac",
                "sha256:26b66db869257a32ecfebadac230e8008e2bf402f2bc16f9c8f2dc643fd4c9ef",
                "sha256:27b86130ca7a780132e591ca7d3e784d12d5097ed7a386481c6e664fb4923d51",
                "sha256:29029fc5b7f85f65903240e3bc799116cc9d876dcdce4b71b61cd81d17b5e53e",
                "sha256:2932efe3759b61227e8e7129d6a88261872104bfdf8a27a28bf337f26ee8a800",
                "sha256:2ace7dc100e9bf0194894ab924f0721138216868f68aaa35ba83db62442e6262",
                "sha256:2ae5be5d075a8098e63e35d4a318576f203374406b4606685227ea51affe139a",
                "sha256:3151754a864ed542e084a29c0ac9572547d21dae9822f0b87d6eb05746dfe456",
                "sha256:3459ac26998cb40a2c0cc1a02630fd5f4989ce0a65b010968d485cf8ce520bc1",
                "sha256:3567913479b98d70b0c65ddb37fa355bd5b3f4863905dc07b4fcf47c9ff6a485",
                "sha256:37536e23a1ccd2dcc7e5cafe17742c8fa0be9c46736a35f1e628cb2a6c8ab46f",
                "sha256:37600e4641c435a7e4549f4e6df79d9dfc096bb9712a10dba8925921bc87bc3c",
                "sha256:3a7154222e0c31434bd125145415a748d09a132360be7124b529a23ebed7fa31",
                "sha256:3e4bf2ddee8256be3577a5e82de469c2e918b17dd6aa72270056f1de56cc18bd",
                "sha256:41f8e7ffb0533dd494f2e20cdfa13b33e7655ec06810e7630fcf12cd9e14bb48",
                "sha256:43d9f0e0ba5284f91d8dc01c611650ffb04e4bc2eef8aa143e5cd85e17a4a348",
                "sha256:46c7fcf4b3aac35947572c9598a35e101c2c8e01999ada5c7097a7666dd0ccf2",
                "sha256:4f067b16473bb6c9c76a82f8b2a0c9346c6c831cf66b1b884f1b6175d17f4aa0",
                "sha256:4fa46ff8493d7b43cef1a0cb37787ceca29b9acce3d869259ec5ef364088757d",
                "sha256:543d446ec356b5d6987fc61cb8835c7095f992234a4929dd10b573031e7133cd",
                "sha256:548c1ed23c5b6f9a8268731d1a22fa4997c174231ded17a6feec72967e43128d",
                "sha256:557a2f44d483cee57520bc249895a06d89bde504c44692d4fc159db103197b6e",
                "sha256:624dfe777c32f31825efe1ca7c1a56f1b4fefd4cd7b2a6b55395928ebdebeb29",
                "sha256:662488315042d7ce02189c0d74f16b84437d0aedb0aa0f13d82a9d86cd4db083",
                "sha256:6c524e706836aff3012e3c00cbe383ecac0ca57517677576d81ef0543c66008f",
                "sha256:713dba4aae624bf7a903e35ee653af713629098ff05c99dd41668d72b2e5abda",
                "sha256:71a03ce32b84fa58efabeafee57888775dc454ca574c78461e71c68f63a327e1",
                "sha256:725686589143c64a9880d42d2df00edec7eb07b6a4ab8611adc4a9aa97c40206",
                "sha256:73e513e8e878e9f20b8707b84f6dff6646d8eed62a7783f9df968e1b373d244f",
                "sha256:74246c52e6ce4b8774e64850005fe4477258b1a6fd7382d83bb64a44934b034c",
                "sha256:79404b63b78150316c54ec67eafe61a23520f8bfdebb4a5609b72934b7e2e8e2",
                "sha256:82892cf6ecbe3cf9dcfc0a68c41363a9b805fdf6b851b85e76916ef8c6114782",
                "sha256:83f680cd3e4f54215c1a46271530f7869ae878763b61096c497bf82964abd17b",
                "sha256:8728cbc7544d05c5cab9bf50749636f128e4db4828a20ce5952355c4f33d6e2e",
                "sha256:8c1f645015a27eac55382978fa09c423a40712d72f38136c37aaaa3afc806d97",
                "sha256:90ab6a06214b990cb1c042317172149ef7b23bc69c15ae39b7bbe6e624a54b44",
                "sha256:973726976edff5d19ef981143f1cb39cf030b2e8c215eac0878ce2c85f4d74d0",
                "sha256:9c7fcb399c088a082b5d9187db1468bb71514ba5389809a57da7229d51613b6f",
                "sha256:9d87d68421f49c263796b5f9939cae9f26cb4bde214757bb57f6a7acec2d550b",
                "sha256:9da59daf43ad6fd7a5e8412ee5d822b5ec9ed18604714d20d3974e9a0ffb48ff",
                "sha256:9f0da1bd9a1aac4d67f0e7961f669166287e43348c20e766a48debca20c76d9e",
                "sha256:a0466b1dab6965d79780e4b563ef77f0798ce9fcab5c659e72e1f21939cce50b",
                "sha256:a251e65f473e382689c8eb8d0e929b3ad4d4a831faf6e15fe28a771efb071bad",
                "sha256:a394b67ae3723cc97cf83d1e72770f11584fe4b55b108a29211bfb873d5eab6d",
                "sha256:a496f762ac7288875909bf9da1199eecc095bdb7ec1914d613a5dfb75808bcff",
                "sha256:a4ad18072fc8be8f3d8f7fda661718f98a9fedd8db0250ad67445ab78fd3d544",
                "sha256:a654cf556ba18c3aa72fa10cf857e5d7841ecc265cdd37219b40f65fe8798fca",
                "sha256:aa60028a966361ac285bfd7e10fb3389b679218dd39c8e5ea54eba28ab763e48",
                "sha256:b3dbb9eb73e16b30f40fb6f715b390fa211e402b054e2c411c58bcbeb0a9f24b",
                "sha256:b87ed75fd74f49da2d637348ff2ef4453e15a8b3e798b06f52c5e57357fa49da",
                "sha256:ba44748f6f22acfee9a7e4444d5fb2901e3b914ad23d6f9ca1104349e926ea92",
                "sha256:ba8462d6e178af73a24c5eaea20fa325ac24c2941c6367ef59d5ccb20d6b9169",
                "sha256:be634518ab04942ac0af4973ab633b4e2abcf307ad3b8e064f5822fad0b44c34",
                "sha256:c8f917d1b432ff4184f3d9fe2fe0337f35d49d98066a9def31361e8a74e87b4c",
                "sha256:c9a853fc8fd3baf5edc3efb5f5c391eb4e043020023961b29fea2181be22177b",
                "sha256:cacbda211aa49d685af10bb286bc3ce0aef07705bb039d71d17c4316f635681e",
                "sha256:cbc05572d4e15a2391ea632797ac972693827efbf14218e310cf979a3d9899ce",
                "sha256:d2f73e5cbf444bf181bcba89250fb8dd93ab61f6efa5894df1dcd73933e688aa",
                "sha256:d2fdfd28b94bad614e18a00e150116c7641f6bf1b430933bf0e6b7f003576529",
                "sha256:db2179ee846697aa1a5a10ec49774b65e6f65a6222c2bcf8938b6afe06cf28b2",
                "sha256:db734efaca2f473782afc6887fd07f00fea28b6c27e125a20031085a8016fbd2",
                "sha256:e1726e9da236fcf838cb8dbfb4e72d17a1ed93956b211c52e40c33f18852f663",
                "sha256:f362bbd77c35e81db267c147fff927f960e7f712bdd9ac14abf61a358181d29b",
                "sha256:f86192fdc1fb49206a58f0fe9daa9deba016157693dcc56a0161a6f9a40e4c5b"
            ],
            "index": "pypi",
            "markers": "python_version >= '3.11'",
            "version": "==2.1.0"
        },
        "typing-extensions": {
            "hashes": [
                "sha256:481caa481374e813c1b176ada14e97f1f67a4539ce9cfeb3f350d78d6370c2e8",
                "sha256:dc983d19a509c94dba722ee6abd33940f7c05a89e243c47e907eb4db6f1a43e5"
            ],
            "markers": "python_version >= '3.9'",
            "version": "==4.16.0"
        }
    },
    "develop": {}
}
